<Solution>
  <Configurations>
    <Platform Name="x64" />
    <Platform Name="x86" />
  </Configurations>
  <Project Path="HeritageEngine/HeritageEngine.vcxproj" Id="5a1d857d-c901-4e17-97c2-50661a043cf6" />
  <Project Path="Tests/HeritagePhysicsTests.vcxproj" Id="9b8d4310-fc30-49a8-9e0b-13647ba7361f" />
</Solution>
