<?xml version="1.0" encoding="utf-8"?>
<Project ToolsVersion="4.0" xmlns="http://schemas.microsoft.com/developer/msbuild/2003">
  <ItemGroup>
    <Filter Include="Source Files">
      <UniqueIdentifier>{4FC737F1-C7A5-4376-A066-2A32D752A2FF}</UniqueIdentifier>
      <Extensions>cpp;c;cc;cxx;c++;cppm;ixx;def;odl;idl;hpj;bat;asm;asmx</Extensions>
    </Filter>
    <Filter Include="Header Files">
      <UniqueIdentifier>{93995380-89BD-4b04-88EB-625FBE52EBFB}</UniqueIdentifier>
      <Extensions>h;hh;hpp;hxx;h++;hm;inl;inc;ipp;xsd</Extensions>
    </Filter>
    <Filter Include="Resource Files">
      <UniqueIdentifier>{67DA6AB6-F800-4c08-8B7A-83BB121AAD01}</UniqueIdentifier>
      <Extensions>rc;ico;cur;bmp;dlg;rc2;rct;bin;rgs;gif;jpg;jpeg;jpe;resx;tiff;tif;png;wav;mfcribbon-ms</Extensions>
    </Filter>
  </ItemGroup>
  <ItemGroup>
    <ClCompile Include="main.cpp">
      <Filter>Source Files</Filter>
    </ClCompile>
    <ClCompile Include="..\Graphics\Mesh.cpp">
      <Filter>Source Files</Filter>
    </ClCompile>
    <ClCompile Include="..\Graphics\AntiAliasing.cpp">
      <Filter>Source Files</Filter>
    </ClCompile>
    <ClCompile Include="..\Graphics\ShaderProgram.cpp">
      <Filter>Source Files</Filter>
    </ClCompile>
    <ClCompile Include="..\..\..\ThirdParty\GLAD\src\glad.c">
      <Filter>Source Files</Filter>
    </ClCompile>
    <ClCompile Include="..\..\..\ThirdParty\IMGUI\imgui.cpp">
      <Filter>Source Files</Filter>
    </ClCompile>
    <ClCompile Include="..\..\..\ThirdParty\IMGUI\imgui_draw.cpp">
      <Filter>Source Files</Filter>
    </ClCompile>
    <ClCompile Include="..\..\..\ThirdParty\IMGUI\imgui_tables.cpp">
      <Filter>Source Files</Filter>
    </ClCompile>
    <ClCompile Include="..\..\..\ThirdParty\IMGUI\imgui_widgets.cpp">
      <Filter>Source Files</Filter>
    </ClCompile>
    <ClCompile Include="..\..\..\ThirdParty\IMGUI\backends\imgui_impl_glfw.cpp">
      <Filter>Source Files</Filter>
    </ClCompile>
    <ClCompile Include="..\..\..\ThirdParty\IMGUI\backends\imgui_impl_opengl3.cpp">
      <Filter>Source Files</Filter>
    </ClCompile>
    <ClCompile Include="..\Graphics\DisplaySystem.cpp">
      <Filter>Source Files</Filter>
    </ClCompile>
    <ClCompile Include="..\Graphics\WindowSystem.cpp">
      <Filter>Source Files</Filter>
    </ClCompile>
    <ClCompile Include="..\UI\Settings\VideoSettingsPage.cpp">
      <Filter>Source Files</Filter>
    </ClCompile>
    <ClCompile Include="..\UI\Settings\SettingsMenu.cpp">
      <Filter>Source Files</Filter>
    </ClCompile>
    <ClCompile Include="..\UI\UiImageCache.cpp">
      <Filter>Source Files</Filter>
    </ClCompile>
    <ClCompile Include="..\UI\PauseMenu.cpp">
      <Filter>Source Files</Filter>
    </ClCompile>
    <ClCompile Include="..\UI\Settings\AudioSettingsPage.cpp">
      <Filter>Source Files</Filter>
    </ClCompile>
    <ClCompile Include="..\UI\Settings\GameplaySettingsPage.cpp">
      <Filter>Source Files</Filter>
    </ClCompile>
    <ClCompile Include="..\UI\Settings\InputSettingsPage.cpp">
      <Filter>Source Files</Filter>
    </ClCompile>
    <ClCompile Include="..\Graphics\Framebuffer\PostFramebuffer.cpp">
      <Filter>Source Files</Filter>
    </ClCompile>
    <ClCompile Include="..\Camera\OrbitCamera.cpp">
      <Filter>Source Files</Filter>
    </ClCompile>
    <ClCompile Include="..\Audio\AudioSystem.cpp">
      <Filter>Source Files</Filter>
    </ClCompile>
    <ClCompile Include="$(ProjectDir)..\Input\InputSystem.cpp">
      <Filter>Source Files</Filter>
    </ClCompile>
    <ClCompile Include="$(ProjectDir)..\Input\WindowsDirectInputBackend.cpp">
      <Filter>Source Files</Filter>
    </ClCompile>
    <ClCompile Include="..\Physics\CollisionSystem.cpp">
      <Filter>Source Files</Filter>
    </ClCompile>
    <ClCompile Include="..\Physics\StaticBoxSceneImporter.cpp">
      <Filter>Source Files</Filter>
    </ClCompile>
    <ClCompile Include="..\Physics\StaticTriangleSceneImporter.cpp">
      <Filter>Source Files</Filter>
    </ClCompile>
    <ClCompile Include="..\Physics\ConstraintSystem.cpp">
      <Filter>Source Files</Filter>
    </ClCompile>
    <ClCompile Include="..\Physics\PhysicsWorld.cpp">
      <Filter>Source Files</Filter>
    </ClCompile>
    <ClCompile Include="..\Physics\RigidBodySystem.cpp">
      <Filter>Source Files</Filter>
    </ClCompile>
    <ClCompile Include="..\Vehicles\TireModel.cpp">
      <Filter>Source Files</Filter>
    </ClCompile>
    <ClCompile Include="..\Vehicles\SuspensionModel.cpp">
      <Filter>Source Files</Filter>
    </ClCompile>
    <ClCompile Include="..\Vehicles\SuspensionGeometry.cpp">
      <Filter>Source Files</Filter>
    </ClCompile>
    <ClCompile Include="..\Vehicles\UnsprungMassModel.cpp">
      <Filter>Source Files</Filter>
    </ClCompile>
    <ClCompile Include="..\Vehicles\VehicleDefinitionCompiler.cpp">
      <Filter>Source Files</Filter>
    </ClCompile>
    <ClCompile Include="..\Vehicles\VehicleDefinitionLoader.cpp">
      <Filter>Source Files</Filter>
    </ClCompile>
    <ClCompile Include="..\Vehicles\VehicleDynamicsLab.cpp">
      <Filter>Source Files</Filter>
    </ClCompile>
    <ClCompile Include="..\Vehicles\VehicleSystem.cpp">
      <Filter>Source Files</Filter>
    </ClCompile>
    <ClCompile Include="..\Core\Entities\EntityRegistry.cpp">
      <Filter>Source Files</Filter>
    </ClCompile>
    <ClCompile Include="..\Core\Entities\EntitySceneDocument.cpp">
      <Filter>Source Files</Filter>
    </ClCompile>
    <ClCompile Include="..\Graphics\PostProcessing\PostProcessor.cpp">
      <Filter>Source Files</Filter>
    </ClCompile>
    <ClCompile Include="..\Graphics\Renderer\SceneRenderer.cpp">
      <Filter>Source Files</Filter>
    </ClCompile>
    <ClCompile Include="..\Graphics\Renderer\EntityDebugRenderer.cpp">
      <Filter>Source Files</Filter>
    </ClCompile>
    <ClCompile Include="..\Graphics\RenderScaler.cpp">
      <Filter>Source Files</Filter>
    </ClCompile>
    <ClCompile Include="..\Core\Settings\VideoSettingsStorage.cpp">
      <Filter>Source Files</Filter>
    </ClCompile>
    <ClCompile Include="..\Core\Settings\AudioSettingsStorage.cpp">
      <Filter>Source Files</Filter>
    </ClCompile>
    <ClCompile Include="..\Core\Timing\FrameLimiter.cpp">
      <Filter>Source Files</Filter>
    </ClCompile>
    <ClCompile Include="..\Core\Modules\ModuleLoader.cpp">
      <Filter>Source Files</Filter>
    </ClCompile>
    <ClCompile Include="..\Core\Modules\ModuleContext.cpp">
      <Filter>Source Files</Filter>
    </ClCompile>
    <ClCompile Include="..\Core\Modules\ModuleSaveStore.cpp">
      <Filter>Source Files</Filter>
    </ClCompile>
    <ClCompile Include="..\Core\Modules\BuiltInSceneRuntime.cpp">
      <Filter>Source Files</Filter>
    </ClCompile>
    <ClCompile Include="..\Core\Modules\LuaApi.cpp">
      <Filter>Source Files</Filter>
    </ClCompile>
    <ClCompile Include="..\Core\Modules\LuaModuleRuntime.cpp">
      <Filter>Source Files</Filter>
    </ClCompile>
    <ClCompile Include="..\Core\Modules\ModuleRuntimeManager.cpp">
      <Filter>Source Files</Filter>
    </ClCompile>
    <ClCompile Include="..\Core\Modules\ScriptedUiRuntime.cpp">
      <Filter>Source Files</Filter>
    </ClCompile>
    <ClCompile Include="..\Scenes\LogoShowcaseScene.cpp">
      <Filter>Source Files</Filter>
    </ClCompile>
    <ClCompile Include="..\Scenes\RacingUnitedBootScene.cpp">
      <Filter>Source Files</Filter>
    </ClCompile>
    <ClCompile Include="..\Scenes\SceneManager.cpp">
      <Filter>Source Files</Filter>
    </ClCompile>
    <ClCompile Include="..\Scenes\ModuleDocumentScene.cpp">
      <Filter>Source Files</Filter>
    </ClCompile>
  </ItemGroup>
  <ItemGroup>
    <ClInclude Include="..\..\..\ThirdParty\IMGUI\imgui.h">
      <Filter>Source Files</Filter>
    </ClInclude>
    <ClInclude Include="..\Graphics\Mesh.hpp">
      <Filter>Header Files</Filter>
    </ClInclude>
    <ClInclude Include="..\Graphics\AntiAliasing.hpp">
      <Filter>Header Files</Filter>
    </ClInclude>
    <ClInclude Include="..\Graphics\ShaderProgram.hpp">
      <Filter>Header Files</Filter>
    </ClInclude>
    <ClInclude Include="..\Graphics\DisplaySystem.hpp">
      <Filter>Source Files</Filter>
    </ClInclude>
    <ClInclude Include="..\Graphics\WindowSystem.hpp">
      <Filter>Source Files</Filter>
    </ClInclude>
    <ClInclude Include="..\UI\Settings\VideoSettingsPage.hpp">
      <Filter>Header Files</Filter>
    </ClInclude>
    <ClInclude Include="..\UI\Settings\SettingsMenu.hpp">
      <Filter>Header Files</Filter>
    </ClInclude>
    <ClInclude Include="..\UI\UiImageCache.hpp">
      <Filter>Header Files</Filter>
    </ClInclude>
    <ClInclude Include="..\UI\PauseMenu.hpp">
      <Filter>Header Files</Filter>
    </ClInclude>
    <ClInclude Include="..\UI\Settings\AudioSettingsPage.hpp">
      <Filter>Header Files</Filter>
    </ClInclude>
    <ClInclude Include="..\UI\Settings\GameplaySettingsPage.hpp">
      <Filter>Header Files</Filter>
    </ClInclude>
    <ClInclude Include="..\UI\Settings\InputSettingsPage.hpp">
      <Filter>Header Files</Filter>
    </ClInclude>
    <ClInclude Include="..\Graphics\Framebuffer\PostFramebuffer.hpp">
      <Filter>Source Files</Filter>
    </ClInclude>
    <ClInclude Include="..\Camera\OrbitCamera.hpp">
      <Filter>Header Files</Filter>
    </ClInclude>
    <ClInclude Include="..\Audio\AudioSystem.hpp">
      <Filter>Header Files</Filter>
    </ClInclude>
    <ClInclude Include="$(ProjectDir)..\Input\InputSystem.hpp">
      <Filter>Header Files</Filter>
    </ClInclude>
    <ClInclude Include="$(ProjectDir)..\Input\WindowsDirectInputBackend.hpp">
      <Filter>Header Files</Filter>
    </ClInclude>
    <ClInclude Include="..\Physics\CollisionSystem.hpp">
      <Filter>Header Files</Filter>
    </ClInclude>
    <ClInclude Include="..\Physics\StaticBoxSceneImporter.hpp">
      <Filter>Header Files</Filter>
    </ClInclude>
    <ClInclude Include="..\Physics\StaticTriangleSceneImporter.hpp">
      <Filter>Header Files</Filter>
    </ClInclude>
    <ClInclude Include="..\Physics\ConstraintSystem.hpp">
      <Filter>Header Files</Filter>
    </ClInclude>
    <ClInclude Include="..\Physics\PhysicsWorld.hpp">
      <Filter>Header Files</Filter>
    </ClInclude>
    <ClInclude Include="..\Physics\RigidBodySystem.hpp">
      <Filter>Header Files</Filter>
    </ClInclude>
    <ClInclude Include="..\Vehicles\TireModel.hpp">
      <Filter>Header Files</Filter>
    </ClInclude>
    <ClInclude Include="..\Vehicles\SuspensionModel.hpp">
      <Filter>Header Files</Filter>
    </ClInclude>
    <ClInclude Include="..\Vehicles\SuspensionGeometry.hpp">
      <Filter>Header Files</Filter>
    </ClInclude>
    <ClInclude Include="..\Vehicles\UnsprungMassModel.hpp">
      <Filter>Header Files</Filter>
    </ClInclude>
    <ClInclude Include="..\Vehicles\VehicleDefinition.hpp">
      <Filter>Header Files</Filter>
    </ClInclude>
    <ClInclude Include="..\Vehicles\VehicleDefinitionCompiler.hpp">
      <Filter>Header Files</Filter>
    </ClInclude>
    <ClInclude Include="..\Vehicles\VehicleDefinitionLoader.hpp">
      <Filter>Header Files</Filter>
    </ClInclude>
    <ClInclude Include="..\Vehicles\VehicleDynamicsLab.hpp">
      <Filter>Header Files</Filter>
    </ClInclude>
    <ClInclude Include="..\Vehicles\VehicleSystem.hpp">
      <Filter>Header Files</Filter>
    </ClInclude>
    <ClInclude Include="..\Core\Entities\EntityRegistry.hpp">
      <Filter>Header Files</Filter>
    </ClInclude>
    <ClInclude Include="..\Core\Entities\EntitySceneDocument.hpp">
      <Filter>Header Files</Filter>
    </ClInclude>
    <ClInclude Include="..\Graphics\PostProcessing\PostProcessor.hpp">
      <Filter>Header Files</Filter>
    </ClInclude>
    <ClInclude Include="..\Graphics\Renderer\SceneRenderer.hpp">
      <Filter>Header Files</Filter>
    </ClInclude>
    <ClInclude Include="..\Graphics\Renderer\EntityDebugRenderer.hpp">
      <Filter>Header Files</Filter>
    </ClInclude>
    <ClInclude Include="..\Graphics\RenderScaler.hpp">
      <Filter>Header Files</Filter>
    </ClInclude>
    <ClInclude Include="..\Core\Settings\VideoSettings.hpp">
      <Filter>Header Files</Filter>
    </ClInclude>
    <ClInclude Include="..\Core\Settings\AudioSettings.hpp">
      <Filter>Header Files</Filter>
    </ClInclude>
    <ClInclude Include="..\Core\Settings\VideoSettingsStorage.hpp">
      <Filter>Header Files</Filter>
    </ClInclude>
    <ClInclude Include="..\Core\Settings\AudioSettingsStorage.hpp">
      <Filter>Header Files</Filter>
    </ClInclude>
    <ClInclude Include="..\Core\Timing\FrameLimiter.hpp">
      <Filter>Header Files</Filter>
    </ClInclude>
    <ClInclude Include="..\Core\Diagnostics\BuildIdentity.hpp">
      <Filter>Header Files</Filter>
    </ClInclude>
    <ClInclude Include="..\Core\Diagnostics\GeneratedBuildIdentity.hpp">
      <Filter>Header Files</Filter>
    </ClInclude>
    <ClInclude Include="..\Core\Modules\ModuleInfo.hpp">
      <Filter>Header Files</Filter>
    </ClInclude>
    <ClInclude Include="..\Core\Modules\ModuleLoader.hpp">
      <Filter>Header Files</Filter>
    </ClInclude>
    <ClInclude Include="..\Core\Modules\ModuleContext.hpp">
      <Filter>Header Files</Filter>
    </ClInclude>
    <ClInclude Include="..\Core\Modules\ModuleSaveStore.hpp">
      <Filter>Header Files</Filter>
    </ClInclude>
    <ClInclude Include="..\Core\Modules\ModuleRuntime.hpp">
      <Filter>Header Files</Filter>
    </ClInclude>
    <ClInclude Include="..\Core\Modules\BuiltInSceneRuntime.hpp">
      <Filter>Header Files</Filter>
    </ClInclude>
    <ClInclude Include="..\Core\Modules\LuaApi.hpp">
      <Filter>Header Files</Filter>
    </ClInclude>
    <ClInclude Include="..\Core\Modules\LuaModuleRuntime.hpp">
      <Filter>Header Files</Filter>
    </ClInclude>
    <ClInclude Include="..\Core\Modules\ModuleRuntimeManager.hpp">
      <Filter>Header Files</Filter>
    </ClInclude>
    <ClInclude Include="..\Core\Modules\ModuleRuntimeAction.hpp">
      <Filter>Header Files</Filter>
    </ClInclude>
    <ClInclude Include="..\Core\Modules\ModuleRuntimeServices.hpp">
      <Filter>Header Files</Filter>
    </ClInclude>
    <ClInclude Include="..\Core\Modules\ScriptedUiRuntime.hpp">
      <Filter>Header Files</Filter>
    </ClInclude>
    <ClInclude Include="..\Scenes\Scene.hpp">
      <Filter>Header Files</Filter>
    </ClInclude>
    <ClInclude Include="..\Scenes\LogoShowcaseScene.hpp">
      <Filter>Header Files</Filter>
    </ClInclude>
    <ClInclude Include="..\Scenes\RacingUnitedBootScene.hpp">
      <Filter>Header Files</Filter>
    </ClInclude>
    <ClInclude Include="..\Scenes\SceneManager.hpp">
      <Filter>Header Files</Filter>
    </ClInclude>
    <ClInclude Include="..\Scenes\ModuleDocumentScene.hpp">
      <Filter>Header Files</Filter>
    </ClInclude>
  </ItemGroup>
</Project>
